
Microsoft Visual Studio Solution File, Format Version 12.00
# Visual Studio Version 17
VisualStudioVersion = 17.3.32819.101
MinimumVisualStudioVersion = 10.0.40219.1
Project("{FAE04EC0-301F-11D3-BF4B-00C04F79EFBC}") = "ProyectoPrueba", "ProyectoPrueba.csproj", "{DE2BC03E-C4BB-4543-9C39-F4A634B2F56B}"
EndProject
Global
	GlobalSection(SolutionConfigurationPlatforms) = preSolution
		Debug|Any CPU = Debug|Any CPU
		Release|Any CPU = Release|Any CPU
	EndGlobalSection
	GlobalSection(ProjectConfigurationPlatforms) = postSolution
		{DE2BC03E-C4BB-4543-9C39-F4A634B2F56B}.Debug|Any CPU.ActiveCfg = Debug|Any CPU
		{DE2BC03E-C4BB-4543-9C39-F4A634B2F56B}.Debug|Any CPU.Build.0 = Debug|Any CPU
		{DE2BC03E-C4BB-4543-9C39-F4A634B2F56B}.Release|Any CPU.ActiveCfg = Release|Any CPU
		{DE2BC03E-C4BB-4543-9C39-F4A634B2F56B}.Release|Any CPU.Build.0 = Release|Any CPU
	EndGlobalSection
	GlobalSection(SolutionProperties) = preSolution
		HideSolutionNode = FALSE
	EndGlobalSection
	GlobalSection(ExtensibilityGlobals) = postSolution
		SolutionGuid = {0309D0AC-2CB6-4BC9-A1A6-252475B2B644}
	EndGlobalSection
EndGlobal
